
Microsoft Visual Studio Solution File, Format Version 12.00
# Visual Studio Version 17
VisualStudioVersion = 17.0.32014.148
MinimumVisualStudioVersion = 10.0.40219.1
Project("{FAE04EC0-301F-11D3-BF4B-00C04F79EFBC}") = "Template4432", "Template4432\Template4432.csproj", "{D93E8EA3-31B0-4883-AF69-8CD2C872DF4D}"
EndProject
Global
	GlobalSection(SolutionConfigurationPlatforms) = preSolution
		Debug|Any CPU = Debug|Any CPU
		Release|Any CPU = Release|Any CPU
	EndGlobalSection
	GlobalSection(ProjectConfigurationPlatforms) = postSolution
		{D93E8EA3-31B0-4883-AF69-8CD2C872DF4D}.Debug|Any CPU.ActiveCfg = Debug|Any CPU
		{D93E8EA3-31B0-4883-AF69-8CD2C872DF4D}.Debug|Any CPU.Build.0 = Debug|Any CPU
		{D93E8EA3-31B0-4883-AF69-8CD2C872DF4D}.Release|Any CPU.ActiveCfg = Release|Any CPU
		{D93E8EA3-31B0-4883-AF69-8CD2C872DF4D}.Release|Any CPU.Build.0 = Release|Any CPU
	EndGlobalSection
	GlobalSection(SolutionProperties) = preSolution
		HideSolutionNode = FALSE
	EndGlobalSection
	GlobalSection(ExtensibilityGlobals) = postSolution
		SolutionGuid = {1C5F9295-B04F-47F1-A7E5-F56743AD8CE8}
	EndGlobalSection
EndGlobal
